// !$*UTF8*$!
{
	archiveVersion = 1;
	classes = {
	};
	objectVersion = 50;
	objects = {

/* Begin PBXBuildFile section */
		990DAF3924A0751F0035A860 /* Util.swift in Sources */ = {isa = PBXBuildFile; fileRef = 990DAF3824A0751F0035A860 /* Util.swift */; };
		990DAF3B24A075660035A860 /* BaseViewController.swift in Sources */ = {isa = PBXBuildFile; fileRef = 990DAF3A24A075660035A860 /* BaseViewController.swift */; };
		990DAF3D24A1D5B90035A860 /* FeedTableViewCell.swift in Sources */ = {isa = PBXBuildFile; fileRef = 990DAF3C24A1D5B90035A860 /* FeedTableViewCell.swift */; };
		990DAF3F24A1E4D10035A860 /* UIImage+Extension.swift in Sources */ = {isa = PBXBuildFile; fileRef = 990DAF3E24A1E4D10035A860 /* UIImage+Extension.swift */; };
		990DAF4124A202A20035A860 /* URL+Extension.swift in Sources */ = {isa = PBXBuildFile; fileRef = 990DAF4024A202A10035A860 /* URL+Extension.swift */; };
		99880F82249DED8A00DC2B37 /* AppDelegate.swift in Sources */ = {isa = PBXBuildFile; fileRef = 99880F81249DED8A00DC2B37 /* AppDelegate.swift */; };
		99880F89249DED8A00DC2B37 /* Main.storyboard in Resources */ = {isa = PBXBuildFile; fileRef = 99880F87249DED8A00DC2B37 /* Main.storyboard */; };
		99880F8C249DED8A00DC2B37 /* YouairyMemo.xcdatamodeld in Sources */ = {isa = PBXBuildFile; fileRef = 99880F8A249DED8A00DC2B37 /* YouairyMemo.xcdatamodeld */; };
		99880F8E249DED8A00DC2B37 /* Assets.xcassets in Resources */ = {isa = PBXBuildFile; fileRef = 99880F8D249DED8A00DC2B37 /* Assets.xcassets */; };
		99880F91249DED8A00DC2B37 /* LaunchScreen.storyboard in Resources */ = {isa = PBXBuildFile; fileRef = 99880F8F249DED8A00DC2B37 /* LaunchScreen.storyboard */; };
		99880F9E249DF3B400DC2B37 /* FeedListViewController.swift in Sources */ = {isa = PBXBuildFile; fileRef = 99880F9D249DF3B400DC2B37 /* FeedListViewController.swift */; };
		99880FA0249DFF1C00DC2B37 /* UploadFeedViewController.swift in Sources */ = {isa = PBXBuildFile; fileRef = 99880F9F249DFF1C00DC2B37 /* UploadFeedViewController.swift */; };
		99880FA2249E00E800DC2B37 /* UIViewController+Extension.swift in Sources */ = {isa = PBXBuildFile; fileRef = 99880FA1249E00E800DC2B37 /* UIViewController+Extension.swift */; };
		99880FA4249E2B3900DC2B37 /* MemoDetailViewController.swift in Sources */ = {isa = PBXBuildFile; fileRef = 99880FA3249E2B3900DC2B37 /* MemoDetailViewController.swift */; };
		99880FA7249E37FF00DC2B37 /* DataManager.swift in Sources */ = {isa = PBXBuildFile; fileRef = 99880FA6249E37FF00DC2B37 /* DataManager.swift */; };
/* End PBXBuildFile section */

/* Begin PBXFileReference section */
		990DAF3824A0751F0035A860 /* Util.swift */ = {isa = PBXFileReference; lastKnownFileType = sourcecode.swift; path = Util.swift; sourceTree = "<group>"; };
		990DAF3A24A075660035A860 /* BaseViewController.swift */ = {isa = PBXFileReference; lastKnownFileType = sourcecode.swift; path = BaseViewController.swift; sourceTree = "<group>"; };
		990DAF3C24A1D5B90035A860 /* FeedTableViewCell.swift */ = {isa = PBXFileReference; lastKnownFileType = sourcecode.swift; path = FeedTableViewCell.swift; sourceTree = "<group>"; };
		990DAF3E24A1E4D10035A860 /* UIImage+Extension.swift */ = {isa = PBXFileReference; lastKnownFileType = sourcecode.swift; path = "UIImage+Extension.swift"; sourceTree = "<group>"; };
		990DAF4024A202A10035A860 /* URL+Extension.swift */ = {isa = PBXFileReference; lastKnownFileType = sourcecode.swift; path = "URL+Extension.swift"; sourceTree = "<group>"; };
		99880F7E249DED8A00DC2B37 /* YouairyMemo.app */ = {isa = PBXFileReference; explicitFileType = wrapper.application; includeInIndex = 0; path = YouairyMemo.app; sourceTree = BUILT_PRODUCTS_DIR; };
		99880F81249DED8A00DC2B37 /* AppDelegate.swift */ = {isa = PBXFileReference; lastKnownFileType = sourcecode.swift; path = AppDelegate.swift; sourceTree = "<group>"; };
		99880F88249DED8A00DC2B37 /* Base */ = {isa = PBXFileReference; lastKnownFileType = file.storyboard; name = Base; path = Base.lproj/Main.storyboard; sourceTree = "<group>"; };
		99880F8B249DED8A00DC2B37 /* YouairyMemo.xcdatamodel */ = {isa = PBXFileReference; lastKnownFileType = wrapper.xcdatamodel; path = YouairyMemo.xcdatamodel; sourceTree = "<group>"; };
		99880F8D249DED8A00DC2B37 /* Assets.xcassets */ = {isa = PBXFileReference; lastKnownFileType = folder.assetcatalog; path = Assets.xcassets; sourceTree = "<group>"; };
		99880F90249DED8A00DC2B37 /* Base */ = {isa = PBXFileReference; lastKnownFileType = file.storyboard; name = Base; path = Base.lproj/LaunchScreen.storyboard; sourceTree = "<group>"; };
		99880F92249DED8A00DC2B37 /* Info.plist */ = {isa = PBXFileReference; lastKnownFileType = text.plist.xml; path = Info.plist; sourceTree = "<group>"; };
		99880F9D249DF3B400DC2B37 /* FeedListViewController.swift */ = {isa = PBXFileReference; lastKnownFileType = sourcecode.swift; path = FeedListViewController.swift; sourceTree = "<group>"; };
		99880F9F249DFF1C00DC2B37 /* UploadFeedViewController.swift */ = {isa = PBXFileReference; lastKnownFileType = sourcecode.swift; path = UploadFeedViewController.swift; sourceTree = "<group>"; };
		99880FA1249E00E800DC2B37 /* UIViewController+Extension.swift */ = {isa = PBXFileReference; lastKnownFileType = sourcecode.swift; path = "UIViewController+Extension.swift"; sourceTree = "<group>"; };
		99880FA3249E2B3900DC2B37 /* MemoDetailViewController.swift */ = {isa = PBXFileReference; lastKnownFileType = sourcecode.swift; path = MemoDetailViewController.swift; sourceTree = "<group>"; };
		99880FA6249E37FF00DC2B37 /* DataManager.swift */ = {isa = PBXFileReference; lastKnownFileType = sourcecode.swift; path = DataManager.swift; sourceTree = "<group>"; };
/* End PBXFileReference section */

/* Begin PBXFrameworksBuildPhase section */
		99880F7B249DED8A00DC2B37 /* Frameworks */ = {
			isa = PBXFrameworksBuildPhase;
			buildActionMask = 2147483647;
			files = (
			);
			runOnlyForDeploymentPostprocessing = 0;
		};
/* End PBXFrameworksBuildPhase section */

/* Begin PBXGroup section */
		990DAF3524A067F50035A860 /* ViewController */ = {
			isa = PBXGroup;
			children = (
				990DAF3A24A075660035A860 /* BaseViewController.swift */,
				99880F9D249DF3B400DC2B37 /* FeedListViewController.swift */,
				99880F9F249DFF1C00DC2B37 /* UploadFeedViewController.swift */,
				99880FA3249E2B3900DC2B37 /* MemoDetailViewController.swift */,
				990DAF3C24A1D5B90035A860 /* FeedTableViewCell.swift */,
			);
			path = ViewController;
			sourceTree = "<group>";
		};
		990DAF3624A074060035A860 /* View */ = {
			isa = PBXGroup;
			children = (
				990DAF3524A067F50035A860 /* ViewController */,
			);
			path = View;
			sourceTree = "<group>";
		};
		990DAF3724A074F60035A860 /* Util */ = {
			isa = PBXGroup;
			children = (
				990DAF3824A0751F0035A860 /* Util.swift */,
				99880FA1249E00E800DC2B37 /* UIViewController+Extension.swift */,
				990DAF3E24A1E4D10035A860 /* UIImage+Extension.swift */,
				990DAF4024A202A10035A860 /* URL+Extension.swift */,
			);
			path = Util;
			sourceTree = "<group>";
		};
		99880F75249DED8A00DC2B37 = {
			isa = PBXGroup;
			children = (
				99880F80249DED8A00DC2B37 /* YouairyMemo */,
				99880F7F249DED8A00DC2B37 /* Products */,
			);
			sourceTree = "<group>";
		};
		99880F7F249DED8A00DC2B37 /* Products */ = {
			isa = PBXGroup;
			children = (
				99880F7E249DED8A00DC2B37 /* YouairyMemo.app */,
			);
			name = Products;
			sourceTree = "<group>";
		};
		99880F80249DED8A00DC2B37 /* YouairyMemo */ = {
			isa = PBXGroup;
			children = (
				990DAF3724A074F60035A860 /* Util */,
				99880FA5249E37EF00DC2B37 /* Manager */,
				990DAF3624A074060035A860 /* View */,
				99880F81249DED8A00DC2B37 /* AppDelegate.swift */,
				99880F8F249DED8A00DC2B37 /* LaunchScreen.storyboard */,
				99880F87249DED8A00DC2B37 /* Main.storyboard */,
				99880F8D249DED8A00DC2B37 /* Assets.xcassets */,
				99880F92249DED8A00DC2B37 /* Info.plist */,
				99880F8A249DED8A00DC2B37 /* YouairyMemo.xcdatamodeld */,
			);
			path = YouairyMemo;
			sourceTree = "<group>";
		};
		99880FA5249E37EF00DC2B37 /* Manager */ = {
			isa = PBXGroup;
			children = (
				99880FA6249E37FF00DC2B37 /* DataManager.swift */,
			);
			path = Manager;
			sourceTree = "<group>";
		};
/* End PBXGroup section */

/* Begin PBXNativeTarget section */
		99880F7D249DED8A00DC2B37 /* YouairyMemo */ = {
			isa = PBXNativeTarget;
			buildConfigurationList = 99880F95249DED8A00DC2B37 /* Build configuration list for PBXNativeTarget "YouairyMemo" */;
			buildPhases = (
				99880F7A249DED8A00DC2B37 /* Sources */,
				99880F7B249DED8A00DC2B37 /* Frameworks */,
				99880F7C249DED8A00DC2B37 /* Resources */,
			);
			buildRules = (
			);
			dependencies = (
			);
			name = YouairyMemo;
			productName = YouairyMemo;
			productReference = 99880F7E249DED8A00DC2B37 /* YouairyMemo.app */;
			productType = "com.apple.product-type.application";
		};
/* End PBXNativeTarget section */

/* Begin PBXProject section */
		99880F76249DED8A00DC2B37 /* Project object */ = {
			isa = PBXProject;
			attributes = {
				LastSwiftUpdateCheck = 1120;
				LastUpgradeCheck = 1120;
				ORGANIZATIONNAME = Youvin;
				TargetAttributes = {
					99880F7D249DED8A00DC2B37 = {
						CreatedOnToolsVersion = 11.2.1;
					};
				};
			};
			buildConfigurationList = 99880F79249DED8A00DC2B37 /* Build configuration list for PBXProject "YouairyMemo" */;
			compatibilityVersion = "Xcode 9.3";
			developmentRegion = en;
			hasScannedForEncodings = 0;
			knownRegions = (
				en,
				Base,
			);
			mainGroup = 99880F75249DED8A00DC2B37;
			productRefGroup = 99880F7F249DED8A00DC2B37 /* Products */;
			projectDirPath = "";
			projectRoot = "";
			targets = (
				99880F7D249DED8A00DC2B37 /* YouairyMemo */,
			);
		};
/* End PBXProject section */

/* Begin PBXResourcesBuildPhase section */
		99880F7C249DED8A00DC2B37 /* Resources */ = {
			isa = PBXResourcesBuildPhase;
			buildActionMask = 2147483647;
			files = (
				99880F91249DED8A00DC2B37 /* LaunchScreen.storyboard in Resources */,
				99880F8E249DED8A00DC2B37 /* Assets.xcassets in Resources */,
				99880F89249DED8A00DC2B37 /* Main.storyboard in Resources */,
			);
			runOnlyForDeploymentPostprocessing = 0;
		};
/* End PBXResourcesBuildPhase section */

/* Begin PBXSourcesBuildPhase section */
		99880F7A249DED8A00DC2B37 /* Sources */ = {
			isa = PBXSourcesBuildPhase;
			buildActionMask = 2147483647;
			files = (
				99880FA4249E2B3900DC2B37 /* MemoDetailViewController.swift in Sources */,
				99880FA7249E37FF00DC2B37 /* DataManager.swift in Sources */,
				99880F8C249DED8A00DC2B37 /* YouairyMemo.xcdatamodeld in Sources */,
				99880F82249DED8A00DC2B37 /* AppDelegate.swift in Sources */,
				990DAF3924A0751F0035A860 /* Util.swift in Sources */,
				990DAF4124A202A20035A860 /* URL+Extension.swift in Sources */,
				990DAF3B24A075660035A860 /* BaseViewController.swift in Sources */,
				99880F9E249DF3B400DC2B37 /* FeedListViewController.swift in Sources */,
				99880FA0249DFF1C00DC2B37 /* UploadFeedViewController.swift in Sources */,
				99880FA2249E00E800DC2B37 /* UIViewController+Extension.swift in Sources */,
				990DAF3F24A1E4D10035A860 /* UIImage+Extension.swift in Sources */,
				990DAF3D24A1D5B90035A860 /* FeedTableViewCell.swift in Sources */,
			);
			runOnlyForDeploymentPostprocessing = 0;
		};
/* End PBXSourcesBuildPhase section */

/* Begin PBXVariantGroup section */
		99880F87249DED8A00DC2B37 /* Main.storyboard */ = {
			isa = PBXVariantGroup;
			children = (
				99880F88249DED8A00DC2B37 /* Base */,
			);
			name = Main.storyboard;
			sourceTree = "<group>";
		};
		99880F8F249DED8A00DC2B37 /* LaunchScreen.storyboard */ = {
			isa = PBXVariantGroup;
			children = (
				99880F90249DED8A00DC2B37 /* Base */,
			);
			name = LaunchScreen.storyboard;
			sourceTree = "<group>";
		};
/* End PBXVariantGroup section */

/* Begin XCBuildConfiguration section */
		99880F93249DED8A00DC2B37 /* Debug */ = {
			isa = XCBuildConfiguration;
			buildSettings = {
				ALWAYS_SEARCH_USER_PATHS = NO;
				CLANG_ANALYZER_NONNULL = YES;
				CLANG_ANALYZER_NUMBER_OBJECT_CONVERSION = YES_AGGRESSIVE;
				CLANG_CXX_LANGUAGE_STANDARD = "gnu++14";
				CLANG_CXX_LIBRARY = "libc++";
				CLANG_ENABLE_MODULES = YES;
				CLANG_ENABLE_OBJC_ARC = YES;
				CLANG_ENABLE_OBJC_WEAK = YES;
				CLANG_WARN_BLOCK_CAPTURE_AUTORELEASING = YES;
				CLANG_WARN_BOOL_CONVERSION = YES;
				CLANG_WARN_COMMA = YES;
				CLANG_WARN_CONSTANT_CONVERSION = YES;
				CLANG_WARN_DEPRECATED_OBJC_IMPLEMENTATIONS = YES;
				CLANG_WARN_DIRECT_OBJC_ISA_USAGE = YES_ERROR;
				CLANG_WARN_DOCUMENTATION_COMMENTS = YES;
				CLANG_WARN_EMPTY_BODY = YES;
				CLANG_WARN_ENUM_CONVERSION = YES;
				CLANG_WARN_INFINITE_RECURSION = YES;
				CLANG_WARN_INT_CONVERSION = YES;
				CLANG_WARN_NON_LITERAL_NULL_CONVERSION = YES;
				CLANG_WARN_OBJC_IMPLICIT_RETAIN_SELF = YES;
				CLANG_WARN_OBJC_LITERAL_CONVERSION = YES;
				CLANG_WARN_OBJC_ROOT_CLASS = YES_ERROR;
				CLANG_WARN_RANGE_LOOP_ANALYSIS = YES;
				CLANG_WARN_STRICT_PROTOTYPES = YES;
				CLANG_WARN_SUSPICIOUS_MOVE = YES;
				CLANG_WARN_UNGUARDED_AVAILABILITY = YES_AGGRESSIVE;
				CLANG_WARN_UNREACHABLE_CODE = YES;
				CLANG_WARN__DUPLICATE_METHOD_MATCH = YES;
				COPY_PHASE_STRIP = NO;
				DEBUG_INFORMATION_FORMAT = dwarf;
				ENABLE_STRICT_OBJC_MSGSEND = YES;
				ENABLE_TESTABILITY = YES;
				GCC_C_LANGUAGE_STANDARD = gnu11;
				GCC_DYNAMIC_NO_PIC = NO;
				GCC_NO_COMMON_BLOCKS = YES;
				GCC_OPTIMIZATION_LEVEL = 0;
				GCC_PREPROCESSOR_DEFINITIONS = (
					"DEBUG=1",
					"$(inherited)",
				);
				GCC_WARN_64_TO_32_BIT_CONVERSION = YES;
				GCC_WARN_ABOUT_RETURN_TYPE = YES_ERROR;
				GCC_WARN_UNDECLARED_SELECTOR = YES;
				GCC_WARN_UNINITIALIZED_AUTOS = YES_AGGRESSIVE;
				GCC_WARN_UNUSED_FUNCTION = YES;
				GCC_WARN_UNUSED_VARIABLE = YES;
				IPHONEOS_DEPLOYMENT_TARGET = 13.2;
				MTL_ENABLE_DEBUG_INFO = INCLUDE_SOURCE;
				MTL_FAST_MATH = YES;
				ONLY_ACTIVE_ARCH = YES;
				SDKROOT = iphoneos;
				SWIFT_ACTIVE_COMPILATION_CONDITIONS = DEBUG;
				SWIFT_OPTIMIZATION_LEVEL = "-Onone";
			};
			name = Debug;
		};
		99880F94249DED8A00DC2B37 /* Release */ = {
			isa = XCBuildConfiguration;
			buildSettings = {
				ALWAYS_SEARCH_USER_PATHS = NO;
				CLANG_ANALYZER_NONNULL = YES;
				CLANG_ANALYZER_NUMBER_OBJECT_CONVERSION = YES_AGGRESSIVE;
				CLANG_CXX_LANGUAGE_STANDARD = "gnu++14";
				CLANG_CXX_LIBRARY = "libc++";
				CLANG_ENABLE_MODULES = YES;
				CLANG_ENABLE_OBJC_ARC = YES;
				CLANG_ENABLE_OBJC_WEAK = YES;
				CLANG_WARN_BLOCK_CAPTURE_AUTORELEASING = YES;
				CLANG_WARN_BOOL_CONVERSION = YES;
				CLANG_WARN_COMMA = YES;
				CLANG_WARN_CONSTANT_CONVERSION = YES;
				CLANG_WARN_DEPRECATED_OBJC_IMPLEMENTATIONS = YES;
				CLANG_WARN_DIRECT_OBJC_ISA_USAGE = YES_ERROR;
				CLANG_WARN_DOCUMENTATION_COMMENTS = YES;
				CLANG_WARN_EMPTY_BODY = YES;
				CLANG_WARN_ENUM_CONVERSION = YES;
				CLANG_WARN_INFINITE_RECURSION = YES;
				CLANG_WARN_INT_CONVERSION = YES;
				CLANG_WARN_NON_LITERAL_NULL_CONVERSION = YES;
				CLANG_WARN_OBJC_IMPLICIT_RETAIN_SELF = YES;
				CLANG_WARN_OBJC_LITERAL_CONVERSION = YES;
				CLANG_WARN_OBJC_ROOT_CLASS = YES_ERROR;
				CLANG_WARN_RANGE_LOOP_ANALYSIS = YES;
				CLANG_WARN_STRICT_PROTOTYPES = YES;
				CLANG_WARN_SUSPICIOUS_MOVE = YES;
				CLANG_WARN_UNGUARDED_AVAILABILITY = YES_AGGRESSIVE;
				CLANG_WARN_UNREACHABLE_CODE = YES;
				CLANG_WARN__DUPLICATE_METHOD_MATCH = YES;
				COPY_PHASE_STRIP = NO;
				DEBUG_INFORMATION_FORMAT = "dwarf-with-dsym";
				ENABLE_NS_ASSERTIONS = NO;
				ENABLE_STRICT_OBJC_MSGSEND = YES;
				GCC_C_LANGUAGE_STANDARD = gnu11;
				GCC_NO_COMMON_BLOCKS = YES;
				GCC_WARN_64_TO_32_BIT_CONVERSION = YES;
				GCC_WARN_ABOUT_RETURN_TYPE = YES_ERROR;
				GCC_WARN_UNDECLARED_SELECTOR = YES;
				GCC_WARN_UNINITIALIZED_AUTOS = YES_AGGRESSIVE;
				GCC_WARN_UNUSED_FUNCTION = YES;
				GCC_WARN_UNUSED_VARIABLE = YES;
				IPHONEOS_DEPLOYMENT_TARGET = 13.2;
				MTL_ENABLE_DEBUG_INFO = NO;
				MTL_FAST_MATH = YES;
				SDKROOT = iphoneos;
				SWIFT_COMPILATION_MODE = wholemodule;
				SWIFT_OPTIMIZATION_LEVEL = "-O";
				VALIDATE_PRODUCT = YES;
			};
			name = Release;
		};
		99880F96249DED8A00DC2B37 /* Debug */ = {
			isa = XCBuildConfiguration;
			buildSettings = {
				ASSETCATALOG_COMPILER_APPICON_NAME = AppIcon;
				CODE_SIGN_STYLE = Automatic;
				DEVELOPMENT_TEAM = G5283YPPV5;
				INFOPLIST_FILE = YouairyMemo/Info.plist;
				IPHONEOS_DEPLOYMENT_TARGET = 10.0;
				LD_RUNPATH_SEARCH_PATHS = (
					"$(inherited)",
					"@executable_path/Frameworks",
				);
				PRODUCT_BUNDLE_IDENTIFIER = youvin.YouairyMemo;
				PRODUCT_NAME = "$(TARGET_NAME)";
				SWIFT_VERSION = 5.0;
				TARGETED_DEVICE_FAMILY = "1,2";
			};
			name = Debug;
		};
		99880F97249DED8A00DC2B37 /* Release */ = {
			isa = XCBuildConfiguration;
			buildSettings = {
				ASSETCATALOG_COMPILER_APPICON_NAME = AppIcon;
				CODE_SIGN_STYLE = Automatic;
				DEVELOPMENT_TEAM = G5283YPPV5;
				INFOPLIST_FILE = YouairyMemo/Info.plist;
				IPHONEOS_DEPLOYMENT_TARGET = 10.0;
				LD_RUNPATH_SEARCH_PATHS = (
					"$(inherited)",
					"@executable_path/Frameworks",
				);
				PRODUCT_BUNDLE_IDENTIFIER = youvin.YouairyMemo;
				PRODUCT_NAME = "$(TARGET_NAME)";
				SWIFT_VERSION = 5.0;
				TARGETED_DEVICE_FAMILY = "1,2";
			};
			name = Release;
		};
/* End XCBuildConfiguration section */

/* Begin XCConfigurationList section */
		99880F79249DED8A00DC2B37 /* Build configuration list for PBXProject "YouairyMemo" */ = {
			isa = XCConfigurationList;
			buildConfigurations = (
				99880F93249DED8A00DC2B37 /* Debug */,
				99880F94249DED8A00DC2B37 /* Release */,
			);
			defaultConfigurationIsVisible = 0;
			defaultConfigurationName = Release;
		};
		99880F95249DED8A00DC2B37 /* Build configuration list for PBXNativeTarget "YouairyMemo" */ = {
			isa = XCConfigurationList;
			buildConfigurations = (
				99880F96249DED8A00DC2B37 /* Debug */,
				99880F97249DED8A00DC2B37 /* Release */,
			);
			defaultConfigurationIsVisible = 0;
			defaultConfigurationName = Release;
		};
/* End XCConfigurationList section */

/* Begin XCVersionGroup section */
		99880F8A249DED8A00DC2B37 /* YouairyMemo.xcdatamodeld */ = {
			isa = XCVersionGroup;
			children = (
				99880F8B249DED8A00DC2B37 /* YouairyMemo.xcdatamodel */,
			);
			currentVersion = 99880F8B249DED8A00DC2B37 /* YouairyMemo.xcdatamodel */;
			path = YouairyMemo.xcdatamodeld;
			sourceTree = "<group>";
			versionGroupType = wrapper.xcdatamodel;
		};
/* End XCVersionGroup section */
	};
	rootObject = 99880F76249DED8A00DC2B37 /* Project object */;
}
